
Microsoft Visual Studio Solution File, Format Version 12.00
# Visual Studio 14
VisualStudioVersion = 14.0.25123.0
MinimumVisualStudioVersion = 10.0.40219.1
Project("{FAE04EC0-301F-11D3-BF4B-00C04F79EFBC}") = "AllJoynClientLib", "AllJoynDeviceLib\AllJoynClientLib.csproj", "{2020E3AE-021F-4984-B686-95A8976FAFEB}"
EndProject
Project("{FAE04EC0-301F-11D3-BF4B-00C04F79EFBC}") = "AllJoynSampleApp", "AllJoynSampleApp\AllJoynSampleApp.csproj", "{28EA15C5-F699-4977-AE31-88600E1CD0B2}"
EndProject
Project("{8BC9CEB8-8B4A-11D0-8D11-00A0C91BC942}") = "DeviceProviders", "DeviceProviders\DeviceProviders.vcxproj", "{46C8DEBE-21E9-401A-95C4-354AB2C06445}"
EndProject
Global
	GlobalSection(SolutionConfigurationPlatforms) = preSolution
		Debug|Any CPU = Debug|Any CPU
		Debug|ARM = Debug|ARM
		Debug|x64 = Debug|x64
		Debug|x86 = Debug|x86
		Release|Any CPU = Release|Any CPU
		Release|ARM = Release|ARM
		Release|x64 = Release|x64
		Release|x86 = Release|x86
	EndGlobalSection
	GlobalSection(ProjectConfigurationPlatforms) = postSolution
		{2020E3AE-021F-4984-B686-95A8976FAFEB}.Debug|Any CPU.ActiveCfg = Debug|Any CPU
		{2020E3AE-021F-4984-B686-95A8976FAFEB}.Debug|Any CPU.Build.0 = Debug|Any CPU
		{2020E3AE-021F-4984-B686-95A8976FAFEB}.Debug|ARM.ActiveCfg = Debug|Any CPU
		{2020E3AE-021F-4984-B686-95A8976FAFEB}.Debug|ARM.Build.0 = Debug|Any CPU
		{2020E3AE-021F-4984-B686-95A8976FAFEB}.Debug|x64.ActiveCfg = Debug|Any CPU
		{2020E3AE-021F-4984-B686-95A8976FAFEB}.Debug|x64.Build.0 = Debug|Any CPU
		{2020E3AE-021F-4984-B686-95A8976FAFEB}.Debug|x86.ActiveCfg = Debug|x86
		{2020E3AE-021F-4984-B686-95A8976FAFEB}.Debug|x86.Build.0 = Debug|x86
		{2020E3AE-021F-4984-B686-95A8976FAFEB}.Release|Any CPU.ActiveCfg = Release|Any CPU
		{2020E3AE-021F-4984-B686-95A8976FAFEB}.Release|Any CPU.Build.0 = Release|Any CPU
		{2020E3AE-021F-4984-B686-95A8976FAFEB}.Release|ARM.ActiveCfg = Release|Any CPU
		{2020E3AE-021F-4984-B686-95A8976FAFEB}.Release|ARM.Build.0 = Release|Any CPU
		{2020E3AE-021F-4984-B686-95A8976FAFEB}.Release|x64.ActiveCfg = Release|Any CPU
		{2020E3AE-021F-4984-B686-95A8976FAFEB}.Release|x64.Build.0 = Release|Any CPU
		{2020E3AE-021F-4984-B686-95A8976FAFEB}.Release|x86.ActiveCfg = Release|x86
		{2020E3AE-021F-4984-B686-95A8976FAFEB}.Release|x86.Build.0 = Release|x86
		{28EA15C5-F699-4977-AE31-88600E1CD0B2}.Debug|Any CPU.ActiveCfg = Debug|x86
		{28EA15C5-F699-4977-AE31-88600E1CD0B2}.Debug|ARM.ActiveCfg = Debug|ARM
		{28EA15C5-F699-4977-AE31-88600E1CD0B2}.Debug|ARM.Build.0 = Debug|ARM
		{28EA15C5-F699-4977-AE31-88600E1CD0B2}.Debug|ARM.Deploy.0 = Debug|ARM
		{28EA15C5-F699-4977-AE31-88600E1CD0B2}.Debug|x64.ActiveCfg = Debug|x64
		{28EA15C5-F699-4977-AE31-88600E1CD0B2}.Debug|x64.Build.0 = Debug|x64
		{28EA15C5-F699-4977-AE31-88600E1CD0B2}.Debug|x64.Deploy.0 = Debug|x64
		{28EA15C5-F699-4977-AE31-88600E1CD0B2}.Debug|x86.ActiveCfg = Debug|x86
		{28EA15C5-F699-4977-AE31-88600E1CD0B2}.Debug|x86.Build.0 = Debug|x86
		{28EA15C5-F699-4977-AE31-88600E1CD0B2}.Debug|x86.Deploy.0 = Debug|x86
		{28EA15C5-F699-4977-AE31-88600E1CD0B2}.Release|Any CPU.ActiveCfg = Release|x86
		{28EA15C5-F699-4977-AE31-88600E1CD0B2}.Release|ARM.ActiveCfg = Release|ARM
		{28EA15C5-F699-4977-AE31-88600E1CD0B2}.Release|ARM.Build.0 = Release|ARM
		{28EA15C5-F699-4977-AE31-88600E1CD0B2}.Release|ARM.Deploy.0 = Release|ARM
		{28EA15C5-F699-4977-AE31-88600E1CD0B2}.Release|x64.ActiveCfg = Release|x64
		{28EA15C5-F699-4977-AE31-88600E1CD0B2}.Release|x64.Build.0 = Release|x64
		{28EA15C5-F699-4977-AE31-88600E1CD0B2}.Release|x64.Deploy.0 = Release|x64
		{28EA15C5-F699-4977-AE31-88600E1CD0B2}.Release|x86.ActiveCfg = Release|x86
		{28EA15C5-F699-4977-AE31-88600E1CD0B2}.Release|x86.Build.0 = Release|x86
		{28EA15C5-F699-4977-AE31-88600E1CD0B2}.Release|x86.Deploy.0 = Release|x86
		{46C8DEBE-21E9-401A-95C4-354AB2C06445}.Debug|Any CPU.ActiveCfg = Debug|Win32
		{46C8DEBE-21E9-401A-95C4-354AB2C06445}.Debug|ARM.ActiveCfg = Debug|ARM
		{46C8DEBE-21E9-401A-95C4-354AB2C06445}.Debug|ARM.Build.0 = Debug|ARM
		{46C8DEBE-21E9-401A-95C4-354AB2C06445}.Debug|x64.ActiveCfg = Debug|x64
		{46C8DEBE-21E9-401A-95C4-354AB2C06445}.Debug|x64.Build.0 = Debug|x64
		{46C8DEBE-21E9-401A-95C4-354AB2C06445}.Debug|x86.ActiveCfg = Debug|Win32
		{46C8DEBE-21E9-401A-95C4-354AB2C06445}.Debug|x86.Build.0 = Debug|Win32
		{46C8DEBE-21E9-401A-95C4-354AB2C06445}.Release|Any CPU.ActiveCfg = Release|Win32
		{46C8DEBE-21E9-401A-95C4-354AB2C06445}.Release|ARM.ActiveCfg = Release|ARM
		{46C8DEBE-21E9-401A-95C4-354AB2C06445}.Release|ARM.Build.0 = Release|ARM
		{46C8DEBE-21E9-401A-95C4-354AB2C06445}.Release|x64.ActiveCfg = Release|x64
		{46C8DEBE-21E9-401A-95C4-354AB2C06445}.Release|x64.Build.0 = Release|x64
		{46C8DEBE-21E9-401A-95C4-354AB2C06445}.Release|x86.ActiveCfg = Release|Win32
		{46C8DEBE-21E9-401A-95C4-354AB2C06445}.Release|x86.Build.0 = Release|Win32
	EndGlobalSection
	GlobalSection(SolutionProperties) = preSolution
		HideSolutionNode = FALSE
	EndGlobalSection
EndGlobal
